{
  "name": "broadcaster",
  "version": "0.1.0",
  "lockfileVersion": 1,
  "requires": true,
  "dependencies": {
    "mock-socket": {
      "version": "7.0.0",
      "resolved": "http://registry.npm.taobao.org/mock-socket/download/mock-socket-7.0.0.tgz",
      "integrity": "sha1-SugLn/i0BiXk9JHvHRBDwWZ723I=",
      "dev": true
    }
  }
}
